
Microsoft Visual Studio Solution File, Format Version 12.00
# Visual Studio Version 16
VisualStudioVersion = 16.0.31613.86
MinimumVisualStudioVersion = 10.0.40219.1
Project("{FAE04EC0-301F-11D3-BF4B-00C04F79EFBC}") = "DBPrimes", "DBPrimes\DBPrimes.csproj", "{FE0B4A62-F48C-4C01-B44C-508154B3F36E}"
EndProject
Global
	GlobalSection(SolutionConfigurationPlatforms) = preSolution
		Debug|Any CPU = Debug|Any CPU
		Release|Any CPU = Release|Any CPU
	EndGlobalSection
	GlobalSection(ProjectConfigurationPlatforms) = postSolution
		{FE0B4A62-F48C-4C01-B44C-508154B3F36E}.Debug|Any CPU.ActiveCfg = Debug|Any CPU
		{FE0B4A62-F48C-4C01-B44C-508154B3F36E}.Debug|Any CPU.Build.0 = Debug|Any CPU
		{FE0B4A62-F48C-4C01-B44C-508154B3F36E}.Release|Any CPU.ActiveCfg = Release|Any CPU
		{FE0B4A62-F48C-4C01-B44C-508154B3F36E}.Release|Any CPU.Build.0 = Release|Any CPU
	EndGlobalSection
	GlobalSection(SolutionProperties) = preSolution
		HideSolutionNode = FALSE
	EndGlobalSection
	GlobalSection(ExtensibilityGlobals) = postSolution
		SolutionGuid = {878DCC69-FE0F-40AC-BC2F-6A6F371AF15A}
	EndGlobalSection
EndGlobal
